PODS:
  - Alamofire (5.9.1)
  - connectivity_plus (0.0.1):
    - Flutter
  - CryptoSwift (1.8.4)
  - device_info_plus (0.0.1):
    - Flutter
  - Flutter (1.0.0)
  - flutter_archive (0.0.1):
    - Flutter
    - ZIPFoundation (= 0.9.19)
  - flutter_foreground_task (0.0.1):
    - Flutter
  - flutter_isolate (0.0.1):
    - Flutter
  - flutter_local_notifications (0.0.1):
    - Flutter
  - fluttertoast (0.0.2):
    - Flutter
  - geolocator_apple (1.2.0):
    - Flutter
    - FlutterMacOS
  - http_certificate_pinning (3.0.0):
    - Alamofire (~> 5.9.0)
    - CryptoSwift
    - Flutter
  - package_info_plus (0.4.5):
    - Flutter
  - path_provider_foundation (0.0.1):
    - Flutter
    - FlutterMacOS
  - permission_handler_apple (9.3.0):
    - Flutter
  - shared_preferences_foundation (0.0.1):
    - Flutter
    - FlutterMacOS
  - sqflite_darwin (0.0.4):
    - Flutter
    - FlutterMacOS
  - url_launcher_ios (0.0.1):
    - Flutter
  - webview_flutter_wkwebview (0.0.1):
    - Flutter
    - FlutterMacOS
  - workmanager (0.0.1):
    - Flutter
  - ZIPFoundation (0.9.19)

DEPENDENCIES:
  - connectivity_plus (from `.symlinks/plugins/connectivity_plus/ios`)
  - device_info_plus (from `.symlinks/plugins/device_info_plus/ios`)
  - Flutter (from `Flutter`)
  - flutter_archive (from `.symlinks/plugins/flutter_archive/ios`)
  - flutter_foreground_task (from `.symlinks/plugins/flutter_foreground_task/ios`)
  - flutter_isolate (from `.symlinks/plugins/flutter_isolate/ios`)
  - flutter_local_notifications (from `.symlinks/plugins/flutter_local_notifications/ios`)
  - fluttertoast (from `.symlinks/plugins/fluttertoast/ios`)
  - geolocator_apple (from `.symlinks/plugins/geolocator_apple/darwin`)
  - http_certificate_pinning (from `.symlinks/plugins/http_certificate_pinning/ios`)
  - package_info_plus (from `.symlinks/plugins/package_info_plus/ios`)
  - path_provider_foundation (from `.symlinks/plugins/path_provider_foundation/darwin`)
  - permission_handler_apple (from `.symlinks/plugins/permission_handler_apple/ios`)
  - shared_preferences_foundation (from `.symlinks/plugins/shared_preferences_foundation/darwin`)
  - sqflite_darwin (from `.symlinks/plugins/sqflite_darwin/darwin`)
  - url_launcher_ios (from `.symlinks/plugins/url_launcher_ios/ios`)
  - webview_flutter_wkwebview (from `.symlinks/plugins/webview_flutter_wkwebview/darwin`)
  - workmanager (from `.symlinks/plugins/workmanager/ios`)

SPEC REPOS:
  trunk:
    - Alamofire
    - CryptoSwift
    - ZIPFoundation

EXTERNAL SOURCES:
  connectivity_plus:
    :path: ".symlinks/plugins/connectivity_plus/ios"
  device_info_plus:
    :path: ".symlinks/plugins/device_info_plus/ios"
  Flutter:
    :path: Flutter
  flutter_archive:
    :path: ".symlinks/plugins/flutter_archive/ios"
  flutter_foreground_task:
    :path: ".symlinks/plugins/flutter_foreground_task/ios"
  flutter_isolate:
    :path: ".symlinks/plugins/flutter_isolate/ios"
  flutter_local_notifications:
    :path: ".symlinks/plugins/flutter_local_notifications/ios"
  fluttertoast:
    :path: ".symlinks/plugins/fluttertoast/ios"
  geolocator_apple:
    :path: ".symlinks/plugins/geolocator_apple/darwin"
  http_certificate_pinning:
    :path: ".symlinks/plugins/http_certificate_pinning/ios"
  package_info_plus:
    :path: ".symlinks/plugins/package_info_plus/ios"
  path_provider_foundation:
    :path: ".symlinks/plugins/path_provider_foundation/darwin"
  permission_handler_apple:
    :path: ".symlinks/plugins/permission_handler_apple/ios"
  shared_preferences_foundation:
    :path: ".symlinks/plugins/shared_preferences_foundation/darwin"
  sqflite_darwin:
    :path: ".symlinks/plugins/sqflite_darwin/darwin"
  url_launcher_ios:
    :path: ".symlinks/plugins/url_launcher_ios/ios"
  webview_flutter_wkwebview:
    :path: ".symlinks/plugins/webview_flutter_wkwebview/darwin"
  workmanager:
    :path: ".symlinks/plugins/workmanager/ios"

SPEC CHECKSUMS:
  Alamofire: f36a35757af4587d8e4f4bfa223ad10be2422b8c
  connectivity_plus: 2a701ffec2c0ae28a48cf7540e279787e77c447d
  CryptoSwift: e64e11850ede528a02a0f3e768cec8e9d92ecb90
  device_info_plus: 97af1d7e84681a90d0693e63169a5d50e0839a0d
  Flutter: cabc95a1d2626b1b06e7179b784ebcf0c0cde467
  flutter_archive: cb3e0219e555897ba4b36f166baa1eca394890b9
  flutter_foreground_task: 21ef182ab0a29a3005cc72cd70e5f45cb7f7f817
  flutter_isolate: 0edf5081826d071adf21759d1eb10ff5c24503b5
  flutter_local_notifications: 4cde75091f6327eb8517fa068a0a5950212d2086
  fluttertoast: 21eecd6935e7064cc1fcb733a4c5a428f3f24f0f
  geolocator_apple: 66b711889fd333205763b83c9dcf0a57a28c7afd
  http_certificate_pinning: e0fea5deb9c56c234be0e09fe6991355a39c92e1
  package_info_plus: c0502532a26c7662a62a356cebe2692ec5fe4ec4
  path_provider_foundation: 0b743cbb62d8e47eab856f09262bb8c1ddcfe6ba
  permission_handler_apple: 9878588469a2b0d0fc1e048d9f43605f92e6cec2
  shared_preferences_foundation: 5086985c1d43c5ba4d5e69a4e8083a389e2909e6
  sqflite_darwin: 5a7236e3b501866c1c9befc6771dfd73ffb8702d
  url_launcher_ios: bb13df5870e8c4234ca12609d04010a21be43dfa
  webview_flutter_wkwebview: 29eb20d43355b48fe7d07113835b9128f84e3af4
  workmanager: 0afdcf5628bbde6924c21af7836fed07b42e30e6
  ZIPFoundation: b8c29ea7ae353b309bc810586181fd073cb3312c

PODFILE CHECKSUM: 3c63482e143d1b91d2d2560aee9fb04ecc74ac7e

COCOAPODS: 1.16.2
